
Microsoft Visual Studio Solution File, Format Version 12.00
# Visual Studio 15
VisualStudioVersion = 15.0.28307.1267
MinimumVisualStudioVersion = 10.0.40219.1
Project("{FAE04EC0-301F-11D3-BF4B-00C04F79EFBC}") = "FirstWebWithWCF-019", "FirstWebWithWCF-019\FirstWebWithWCF-019.csproj", "{CEE54B2F-EA68-4934-AF96-2974FFF02575}"
EndProject
Global
	GlobalSection(SolutionConfigurationPlatforms) = preSolution
		Debug|Any CPU = Debug|Any CPU
		Release|Any CPU = Release|Any CPU
	EndGlobalSection
	GlobalSection(ProjectConfigurationPlatforms) = postSolution
		{CEE54B2F-EA68-4934-AF96-2974FFF02575}.Debug|Any CPU.ActiveCfg = Debug|Any CPU
		{CEE54B2F-EA68-4934-AF96-2974FFF02575}.Debug|Any CPU.Build.0 = Debug|Any CPU
		{CEE54B2F-EA68-4934-AF96-2974FFF02575}.Release|Any CPU.ActiveCfg = Release|Any CPU
		{CEE54B2F-EA68-4934-AF96-2974FFF02575}.Release|Any CPU.Build.0 = Release|Any CPU
	EndGlobalSection
	GlobalSection(SolutionProperties) = preSolution
		HideSolutionNode = FALSE
	EndGlobalSection
	GlobalSection(ExtensibilityGlobals) = postSolution
		SolutionGuid = {788B38EE-0F96-4807-877D-EA28B6115B9C}
	EndGlobalSection
EndGlobal
